// !$*UTF8*$!
{
	archiveVersion = 1;
	classes = {
	};
	objectVersion = 77;
	objects = {

/* Begin PBXBuildFile section */
		8FC2A91D2F67680900B8A5B5 /* Lottie in Frameworks */ = {isa = PBXBuildFile; productRef = 8FC2A91C2F67680900B8A5B5 /* Lottie */; };
		8FDB45392F3F78E500588A19 /* Auth in Frameworks */ = {isa = PBXBuildFile; productRef = 8FDB45382F3F78E500588A19 /* Auth */; };
		8FDB453B2F3F78E500588A19 /* Functions in Frameworks */ = {isa = PBXBuildFile; productRef = 8FDB453A2F3F78E500588A19 /* Functions */; };
		8FDB453D2F3F78E500588A19 /* PostgREST in Frameworks */ = {isa = PBXBuildFile; productRef = 8FDB453C2F3F78E500588A19 /* PostgREST */; };
		8FDB453F2F3F78E500588A19 /* Realtime in Frameworks */ = {isa = PBXBuildFile; productRef = 8FDB453E2F3F78E500588A19 /* Realtime */; };
		8FDB45412F3F78E500588A19 /* Storage in Frameworks */ = {isa = PBXBuildFile; productRef = 8FDB45402F3F78E500588A19 /* Storage */; };
		8FDB45702F3F7C2000588A19 /* Supabase in Frameworks */ = {isa = PBXBuildFile; productRef = 8FDB456F2F3F7C2000588A19 /* Supabase */; };
/* End PBXBuildFile section */

/* Begin PBXFileReference section */
		8F981A912F3E59A7004CAA19 /* MinhasFinancas.app */ = {isa = PBXFileReference; explicitFileType = wrapper.application; includeInIndex = 0; path = MinhasFinancas.app; sourceTree = BUILT_PRODUCTS_DIR; };
/* End PBXFileReference section */

/* Begin PBXFileSystemSynchronizedBuildFileExceptionSet section */
		8F981AA32F3E59A8004CAA19 /* Exceptions for "MinhasFinancas" folder in "MinhasFinancas" target */ = {
			isa = PBXFileSystemSynchronizedBuildFileExceptionSet;
			membershipExceptions = (
				Info.plist,
			);
			target = 8F981A902F3E59A7004CAA19 /* MinhasFinancas */;
		};
/* End PBXFileSystemSynchronizedBuildFileExceptionSet section */

/* Begin PBXFileSystemSynchronizedRootGroup section */
		8F981A932F3E59A7004CAA19 /* MinhasFinancas */ = {
			isa = PBXFileSystemSynchronizedRootGroup;
			exceptions = (
				8F981AA32F3E59A8004CAA19 /* Exceptions for "MinhasFinancas" folder in "MinhasFinancas" target */,
			);
			path = MinhasFinancas;
			sourceTree = "<group>";
		};
/* End PBXFileSystemSynchronizedRootGroup section */

/* Begin PBXFrameworksBuildPhase section */
		8F981A8E2F3E59A7004CAA19 /* Frameworks */ = {
			isa = PBXFrameworksBuildPhase;
			buildActionMask = 2147483647;
			files = (
				8FDB453D2F3F78E500588A19 /* PostgREST in Frameworks */,
				8FDB453B2F3F78E500588A19 /* Functions in Frameworks */,
				8FDB45702F3F7C2000588A19 /* Supabase in Frameworks */,
				8FDB45392F3F78E500588A19 /* Auth in Frameworks */,
				8FDB45412F3F78E500588A19 /* Storage in Frameworks */,
				8FDB453F2F3F78E500588A19 /* Realtime in Frameworks */,
				8FC2A91D2F67680900B8A5B5 /* Lottie in Frameworks */,
			);
			runOnlyForDeploymentPostprocessing = 0;
		};
/* End PBXFrameworksBuildPhase section */

/* Begin PBXGroup section */
		8F981A882F3E59A7004CAA19 = {
			isa = PBXGroup;
			children = (
				8F981A932F3E59A7004CAA19 /* MinhasFinancas */,
				8FDB456E2F3F7C2000588A19 /* Frameworks */,
				8F981A922F3E59A7004CAA19 /* Products */,
			);
			sourceTree = "<group>";
		};
		8F981A922F3E59A7004CAA19 /* Products */ = {
			isa = PBXGroup;
			children = (
				8F981A912F3E59A7004CAA19 /* MinhasFinancas.app */,
			);
			name = Products;
			sourceTree = "<group>";
		};
		8FDB456E2F3F7C2000588A19 /* Frameworks */ = {
			isa = PBXGroup;
			children = (
			);
			name = Frameworks;
			sourceTree = "<group>";
		};
/* End PBXGroup section */

/* Begin PBXNativeTarget section */
		8F981A902F3E59A7004CAA19 /* MinhasFinancas */ = {
			isa = PBXNativeTarget;
			buildConfigurationList = 8F981AA42F3E59A8004CAA19 /* Build configuration list for PBXNativeTarget "MinhasFinancas" */;
			buildPhases = (
				8F981A8D2F3E59A7004CAA19 /* Sources */,
				8F981A8E2F3E59A7004CAA19 /* Frameworks */,
				8F981A8F2F3E59A7004CAA19 /* Resources */,
			);
			buildRules = (
			);
			dependencies = (
			);
			fileSystemSynchronizedGroups = (
				8F981A932F3E59A7004CAA19 /* MinhasFinancas */,
			);
			name = MinhasFinancas;
			packageProductDependencies = (
				8FDB45382F3F78E500588A19 /* Auth */,
				8FDB453A2F3F78E500588A19 /* Functions */,
				8FDB453C2F3F78E500588A19 /* PostgREST */,
				8FDB453E2F3F78E500588A19 /* Realtime */,
				8FDB45402F3F78E500588A19 /* Storage */,
				8FDB456F2F3F7C2000588A19 /* Supabase */,
				8FC2A91C2F67680900B8A5B5 /* Lottie */,
			);
			productName = MinhasFinancas;
			productReference = 8F981A912F3E59A7004CAA19 /* MinhasFinancas.app */;
			productType = "com.apple.product-type.application";
		};
/* End PBXNativeTarget section */

/* Begin PBXProject section */
		8F981A892F3E59A7004CAA19 /* Project object */ = {
			isa = PBXProject;
			attributes = {
				BuildIndependentTargetsInParallel = 1;
				LastSwiftUpdateCheck = 2620;
				LastUpgradeCheck = 2630;
				TargetAttributes = {
					8F981A902F3E59A7004CAA19 = {
						CreatedOnToolsVersion = 26.2;
					};
				};
			};
			buildConfigurationList = 8F981A8C2F3E59A7004CAA19 /* Build configuration list for PBXProject "MinhasFinancas" */;
			developmentRegion = en;
			hasScannedForEncodings = 0;
			knownRegions = (
				en,
				Base,
			);
			mainGroup = 8F981A882F3E59A7004CAA19;
			minimizedProjectReferenceProxies = 1;
			packageReferences = (
				8FDB45372F3F78E500588A19 /* XCRemoteSwiftPackageReference "supabase-swift" */,
				8FC2A91B2F67680900B8A5B5 /* XCRemoteSwiftPackageReference "lottie-spm" */,
			);
			preferredProjectObjectVersion = 77;
			productRefGroup = 8F981A922F3E59A7004CAA19 /* Products */;
			projectDirPath = "";
			projectRoot = "";
			targets = (
				8F981A902F3E59A7004CAA19 /* MinhasFinancas */,
			);
		};
/* End PBXProject section */

/* Begin PBXResourcesBuildPhase section */
		8F981A8F2F3E59A7004CAA19 /* Resources */ = {
			isa = PBXResourcesBuildPhase;
			buildActionMask = 2147483647;
			files = (
			);
			runOnlyForDeploymentPostprocessing = 0;
		};
/* End PBXResourcesBuildPhase section */

/* Begin PBXSourcesBuildPhase section */
		8F981A8D2F3E59A7004CAA19 /* Sources */ = {
			isa = PBXSourcesBuildPhase;
			buildActionMask = 2147483647;
			files = (
			);
			runOnlyForDeploymentPostprocessing = 0;
		};
/* End PBXSourcesBuildPhase section */

/* Begin XCBuildConfiguration section */
		8F981AA52F3E59A8004CAA19 /* Debug */ = {
			isa = XCBuildConfiguration;
			buildSettings = {
				ASSETCATALOG_COMPILER_APPICON_NAME = AppIcon;
				ASSETCATALOG_COMPILER_GLOBAL_ACCENT_COLOR_NAME = AccentColor;
				CODE_SIGN_STYLE = Automatic;
				CURRENT_PROJECT_VERSION = 1;
				DEVELOPMENT_TEAM = L5RG7M4455;
				GENERATE_INFOPLIST_FILE = YES;
				INFOPLIST_FILE = MinhasFinancas/Info.plist;
				INFOPLIST_KEY_NSCameraUsageDescription = "Precisamos de sua permissão para acessar sua câmera";
				INFOPLIST_KEY_NSFaceIDUsageDescription = "Precisamos de sua permissão para usar o FaceId";
				INFOPLIST_KEY_NSPhotoLibraryAddUsageDescription = "Precisamos de sua permissão para acessar sua galeria";
				INFOPLIST_KEY_NSUserTrackingUsageDescription = "Precisamos de sua permissão para enviar notificações";
				INFOPLIST_KEY_UIApplicationSupportsIndirectInputEvents = YES;
				INFOPLIST_KEY_UILaunchStoryboardName = LaunchScreen;
				INFOPLIST_KEY_UISupportedInterfaceOrientations = "UIInterfaceOrientationPortrait UIInterfaceOrientationPortraitUpsideDown";
				INFOPLIST_KEY_UISupportedInterfaceOrientations_iPad = UIInterfaceOrientationPortrait;
				INFOPLIST_KEY_UIUserInterfaceStyle = Light;
				IPHONEOS_DEPLOYMENT_TARGET = 17.6;
				LD_RUNPATH_SEARCH_PATHS = (
					"$(inherited)",
					"@executable_path/Frameworks",
				);
				MARKETING_VERSION = 1.0;
				PRODUCT_BUNDLE_IDENTIFIER = com.edsonlima.MinhasFinancas;
				PRODUCT_NAME = "$(TARGET_NAME)";
				STRING_CATALOG_GENERATE_SYMBOLS = YES;
				SWIFT_APPROACHABLE_CONCURRENCY = YES;
				SWIFT_DEFAULT_ACTOR_ISOLATION = MainActor;
				SWIFT_EMIT_LOC_STRINGS = YES;
				SWIFT_UPCOMING_FEATURE_MEMBER_IMPORT_VISIBILITY = YES;
				SWIFT_VERSION = 5.0;
				TARGETED_DEVICE_FAMILY = "1,2";
			};
			name = Debug;
		};
		8F981AA62F3E59A8004CAA19 /* Release */ = {
			isa = XCBuildConfiguration;
			buildSettings = {
				ASSETCATALOG_COMPILER_APPICON_NAME = AppIcon;
				ASSETCATALOG_COMPILER_GLOBAL_ACCENT_COLOR_NAME = AccentColor;
				CODE_SIGN_STYLE = Automatic;
				CURRENT_PROJECT_VERSION = 1;
				DEVELOPMENT_TEAM = L5RG7M4455;
				GENERATE_INFOPLIST_FILE = YES;
				INFOPLIST_FILE = MinhasFinancas/Info.plist;
				INFOPLIST_KEY_NSCameraUsageDescription = "Precisamos de sua permissão para acessar sua câmera";
				INFOPLIST_KEY_NSFaceIDUsageDescription = "Precisamos de sua permissão para usar o FaceId";
				INFOPLIST_KEY_NSPhotoLibraryAddUsageDescription = "Precisamos de sua permissão para acessar sua galeria";
				INFOPLIST_KEY_NSUserTrackingUsageDescription = "Precisamos de sua permissão para enviar notificações";
				INFOPLIST_KEY_UIApplicationSupportsIndirectInputEvents = YES;
				INFOPLIST_KEY_UILaunchStoryboardName = LaunchScreen;
				INFOPLIST_KEY_UISupportedInterfaceOrientations = "UIInterfaceOrientationPortrait UIInterfaceOrientationPortraitUpsideDown";
				INFOPLIST_KEY_UISupportedInterfaceOrientations_iPad = UIInterfaceOrientationPortrait;
				INFOPLIST_KEY_UIUserInterfaceStyle = Light;
				IPHONEOS_DEPLOYMENT_TARGET = 17.6;
				LD_RUNPATH_SEARCH_PATHS = (
					"$(inherited)",
					"@executable_path/Frameworks",
				);
				MARKETING_VERSION = 1.0;
				PRODUCT_BUNDLE_IDENTIFIER = com.edsonlima.MinhasFinancas;
				PRODUCT_NAME = "$(TARGET_NAME)";
				STRING_CATALOG_GENERATE_SYMBOLS = YES;
				SWIFT_APPROACHABLE_CONCURRENCY = YES;
				SWIFT_DEFAULT_ACTOR_ISOLATION = MainActor;
				SWIFT_EMIT_LOC_STRINGS = YES;
				SWIFT_UPCOMING_FEATURE_MEMBER_IMPORT_VISIBILITY = YES;
				SWIFT_VERSION = 5.0;
				TARGETED_DEVICE_FAMILY = "1,2";
			};
			name = Release;
		};
		8F981AA72F3E59A8004CAA19 /* Debug */ = {
			isa = XCBuildConfiguration;
			buildSettings = {
				ALWAYS_SEARCH_USER_PATHS = NO;
				ASSETCATALOG_COMPILER_GENERATE_SWIFT_ASSET_SYMBOL_EXTENSIONS = YES;
				CLANG_ANALYZER_NONNULL = YES;
				CLANG_ANALYZER_NUMBER_OBJECT_CONVERSION = YES_AGGRESSIVE;
				CLANG_CXX_LANGUAGE_STANDARD = "gnu++20";
				CLANG_ENABLE_MODULES = YES;
				CLANG_ENABLE_OBJC_ARC = YES;
				CLANG_ENABLE_OBJC_WEAK = YES;
				CLANG_WARN_BLOCK_CAPTURE_AUTORELEASING = YES;
				CLANG_WARN_BOOL_CONVERSION = YES;
				CLANG_WARN_COMMA = YES;
				CLANG_WARN_CONSTANT_CONVERSION = YES;
				CLANG_WARN_DEPRECATED_OBJC_IMPLEMENTATIONS = YES;
				CLANG_WARN_DIRECT_OBJC_ISA_USAGE = YES_ERROR;
				CLANG_WARN_DOCUMENTATION_COMMENTS = YES;
				CLANG_WARN_EMPTY_BODY = YES;
				CLANG_WARN_ENUM_CONVERSION = YES;
				CLANG_WARN_INFINITE_RECURSION = YES;
				CLANG_WARN_INT_CONVERSION = YES;
				CLANG_WARN_NON_LITERAL_NULL_CONVERSION = YES;
				CLANG_WARN_OBJC_IMPLICIT_RETAIN_SELF = YES;
				CLANG_WARN_OBJC_LITERAL_CONVERSION = YES;
				CLANG_WARN_OBJC_ROOT_CLASS = YES_ERROR;
				CLANG_WARN_QUOTED_INCLUDE_IN_FRAMEWORK_HEADER = YES;
				CLANG_WARN_RANGE_LOOP_ANALYSIS = YES;
				CLANG_WARN_STRICT_PROTOTYPES = YES;
				CLANG_WARN_SUSPICIOUS_MOVE = YES;
				CLANG_WARN_UNGUARDED_AVAILABILITY = YES_AGGRESSIVE;
				CLANG_WARN_UNREACHABLE_CODE = YES;
				CLANG_WARN__DUPLICATE_METHOD_MATCH = YES;
				COPY_PHASE_STRIP = NO;
				DEBUG_INFORMATION_FORMAT = dwarf;
				DEVELOPMENT_TEAM = L5RG7M4455;
				ENABLE_STRICT_OBJC_MSGSEND = YES;
				ENABLE_TESTABILITY = YES;
				ENABLE_USER_SCRIPT_SANDBOXING = YES;
				GCC_C_LANGUAGE_STANDARD = gnu17;
				GCC_DYNAMIC_NO_PIC = NO;
				GCC_NO_COMMON_BLOCKS = YES;
				GCC_OPTIMIZATION_LEVEL = 0;
				GCC_PREPROCESSOR_DEFINITIONS = (
					"DEBUG=1",
					"$(inherited)",
				);
				GCC_WARN_64_TO_32_BIT_CONVERSION = YES;
				GCC_WARN_ABOUT_RETURN_TYPE = YES_ERROR;
				GCC_WARN_UNDECLARED_SELECTOR = YES;
				GCC_WARN_UNINITIALIZED_AUTOS = YES_AGGRESSIVE;
				GCC_WARN_UNUSED_FUNCTION = YES;
				GCC_WARN_UNUSED_VARIABLE = YES;
				IPHONEOS_DEPLOYMENT_TARGET = 26.2;
				LOCALIZATION_PREFERS_STRING_CATALOGS = YES;
				MTL_ENABLE_DEBUG_INFO = INCLUDE_SOURCE;
				MTL_FAST_MATH = YES;
				ONLY_ACTIVE_ARCH = YES;
				SDKROOT = iphoneos;
				STRING_CATALOG_GENERATE_SYMBOLS = YES;
				SWIFT_ACTIVE_COMPILATION_CONDITIONS = "DEBUG $(inherited)";
				SWIFT_OPTIMIZATION_LEVEL = "-Onone";
			};
			name = Debug;
		};
		8F981AA82F3E59A8004CAA19 /* Release */ = {
			isa = XCBuildConfiguration;
			buildSettings = {
				ALWAYS_SEARCH_USER_PATHS = NO;
				ASSETCATALOG_COMPILER_GENERATE_SWIFT_ASSET_SYMBOL_EXTENSIONS = YES;
				CLANG_ANALYZER_NONNULL = YES;
				CLANG_ANALYZER_NUMBER_OBJECT_CONVERSION = YES_AGGRESSIVE;
				CLANG_CXX_LANGUAGE_STANDARD = "gnu++20";
				CLANG_ENABLE_MODULES = YES;
				CLANG_ENABLE_OBJC_ARC = YES;
				CLANG_ENABLE_OBJC_WEAK = YES;
				CLANG_WARN_BLOCK_CAPTURE_AUTORELEASING = YES;
				CLANG_WARN_BOOL_CONVERSION = YES;
				CLANG_WARN_COMMA = YES;
				CLANG_WARN_CONSTANT_CONVERSION = YES;
				CLANG_WARN_DEPRECATED_OBJC_IMPLEMENTATIONS = YES;
				CLANG_WARN_DIRECT_OBJC_ISA_USAGE = YES_ERROR;
				CLANG_WARN_DOCUMENTATION_COMMENTS = YES;
				CLANG_WARN_EMPTY_BODY = YES;
				CLANG_WARN_ENUM_CONVERSION = YES;
				CLANG_WARN_INFINITE_RECURSION = YES;
				CLANG_WARN_INT_CONVERSION = YES;
				CLANG_WARN_NON_LITERAL_NULL_CONVERSION = YES;
				CLANG_WARN_OBJC_IMPLICIT_RETAIN_SELF = YES;
				CLANG_WARN_OBJC_LITERAL_CONVERSION = YES;
				CLANG_WARN_OBJC_ROOT_CLASS = YES_ERROR;
				CLANG_WARN_QUOTED_INCLUDE_IN_FRAMEWORK_HEADER = YES;
				CLANG_WARN_RANGE_LOOP_ANALYSIS = YES;
				CLANG_WARN_STRICT_PROTOTYPES = YES;
				CLANG_WARN_SUSPICIOUS_MOVE = YES;
				CLANG_WARN_UNGUARDED_AVAILABILITY = YES_AGGRESSIVE;
				CLANG_WARN_UNREACHABLE_CODE = YES;
				CLANG_WARN__DUPLICATE_METHOD_MATCH = YES;
				COPY_PHASE_STRIP = NO;
				DEBUG_INFORMATION_FORMAT = "dwarf-with-dsym";
				DEVELOPMENT_TEAM = L5RG7M4455;
				ENABLE_NS_ASSERTIONS = NO;
				ENABLE_STRICT_OBJC_MSGSEND = YES;
				ENABLE_USER_SCRIPT_SANDBOXING = YES;
				GCC_C_LANGUAGE_STANDARD = gnu17;
				GCC_NO_COMMON_BLOCKS = YES;
				GCC_WARN_64_TO_32_BIT_CONVERSION = YES;
				GCC_WARN_ABOUT_RETURN_TYPE = YES_ERROR;
				GCC_WARN_UNDECLARED_SELECTOR = YES;
				GCC_WARN_UNINITIALIZED_AUTOS = YES_AGGRESSIVE;
				GCC_WARN_UNUSED_FUNCTION = YES;
				GCC_WARN_UNUSED_VARIABLE = YES;
				IPHONEOS_DEPLOYMENT_TARGET = 26.2;
				LOCALIZATION_PREFERS_STRING_CATALOGS = YES;
				MTL_ENABLE_DEBUG_INFO = NO;
				MTL_FAST_MATH = YES;
				SDKROOT = iphoneos;
				STRING_CATALOG_GENERATE_SYMBOLS = YES;
				SWIFT_COMPILATION_MODE = wholemodule;
				VALIDATE_PRODUCT = YES;
			};
			name = Release;
		};
/* End XCBuildConfiguration section */

/* Begin XCConfigurationList section */
		8F981A8C2F3E59A7004CAA19 /* Build configuration list for PBXProject "MinhasFinancas" */ = {
			isa = XCConfigurationList;
			buildConfigurations = (
				8F981AA72F3E59A8004CAA19 /* Debug */,
				8F981AA82F3E59A8004CAA19 /* Release */,
			);
			defaultConfigurationIsVisible = 0;
			defaultConfigurationName = Release;
		};
		8F981AA42F3E59A8004CAA19 /* Build configuration list for PBXNativeTarget "MinhasFinancas" */ = {
			isa = XCConfigurationList;
			buildConfigurations = (
				8F981AA52F3E59A8004CAA19 /* Debug */,
				8F981AA62F3E59A8004CAA19 /* Release */,
			);
			defaultConfigurationIsVisible = 0;
			defaultConfigurationName = Release;
		};
/* End XCConfigurationList section */

/* Begin XCRemoteSwiftPackageReference section */
		8FC2A91B2F67680900B8A5B5 /* XCRemoteSwiftPackageReference "lottie-spm" */ = {
			isa = XCRemoteSwiftPackageReference;
			repositoryURL = "https://github.com/airbnb/lottie-spm.git";
			requirement = {
				kind = upToNextMajorVersion;
				minimumVersion = 4.6.0;
			};
		};
		8FDB45372F3F78E500588A19 /* XCRemoteSwiftPackageReference "supabase-swift" */ = {
			isa = XCRemoteSwiftPackageReference;
			repositoryURL = "https://github.com/supabase-community/supabase-swift.git";
			requirement = {
				kind = upToNextMajorVersion;
				minimumVersion = 2.5.1;
			};
		};
/* End XCRemoteSwiftPackageReference section */

/* Begin XCSwiftPackageProductDependency section */
		8FC2A91C2F67680900B8A5B5 /* Lottie */ = {
			isa = XCSwiftPackageProductDependency;
			package = 8FC2A91B2F67680900B8A5B5 /* XCRemoteSwiftPackageReference "lottie-spm" */;
			productName = Lottie;
		};
		8FDB45382F3F78E500588A19 /* Auth */ = {
			isa = XCSwiftPackageProductDependency;
			package = 8FDB45372F3F78E500588A19 /* XCRemoteSwiftPackageReference "supabase-swift" */;
			productName = Auth;
		};
		8FDB453A2F3F78E500588A19 /* Functions */ = {
			isa = XCSwiftPackageProductDependency;
			package = 8FDB45372F3F78E500588A19 /* XCRemoteSwiftPackageReference "supabase-swift" */;
			productName = Functions;
		};
		8FDB453C2F3F78E500588A19 /* PostgREST */ = {
			isa = XCSwiftPackageProductDependency;
			package = 8FDB45372F3F78E500588A19 /* XCRemoteSwiftPackageReference "supabase-swift" */;
			productName = PostgREST;
		};
		8FDB453E2F3F78E500588A19 /* Realtime */ = {
			isa = XCSwiftPackageProductDependency;
			package = 8FDB45372F3F78E500588A19 /* XCRemoteSwiftPackageReference "supabase-swift" */;
			productName = Realtime;
		};
		8FDB45402F3F78E500588A19 /* Storage */ = {
			isa = XCSwiftPackageProductDependency;
			package = 8FDB45372F3F78E500588A19 /* XCRemoteSwiftPackageReference "supabase-swift" */;
			productName = Storage;
		};
		8FDB456F2F3F7C2000588A19 /* Supabase */ = {
			isa = XCSwiftPackageProductDependency;
			package = 8FDB45372F3F78E500588A19 /* XCRemoteSwiftPackageReference "supabase-swift" */;
			productName = Supabase;
		};
/* End XCSwiftPackageProductDependency section */
	};
	rootObject = 8F981A892F3E59A7004CAA19 /* Project object */;
}
